PODS:
  - Alamofire (3.4.2)
  - SVProgressHUD (2.0.3)

DEPENDENCIES:
  - Alamofire (~> 3.4)
  - SVProgressHUD

SPEC CHECKSUMS:
  Alamofire: 6aa33201d20d069e1598891cf928883ff1888c7a
  SVProgressHUD: b0830714205bea1317ea1a2ebc71e5633af334d4

PODFILE CHECKSUM: 780488061bcefe435cb86ec1be72b1405c6156d3

COCOAPODS: 1.0.1
