// !$*UTF8*$!
{
	archiveVersion = 1;
	classes = {
	};
	objectVersion = 46;
	objects = {

/* Begin PBXBuildFile section */
		A657E8081D7F06AC00367077 /* AppDelegate.swift in Sources */ = {isa = PBXBuildFile; fileRef = A657E8071D7F06AC00367077 /* AppDelegate.swift */; };
		A657E80D1D7F06AC00367077 /* Main.storyboard in Resources */ = {isa = PBXBuildFile; fileRef = A657E80B1D7F06AC00367077 /* Main.storyboard */; };
		A657E8101D7F06AC00367077 /* TestWiki.xcdatamodeld in Sources */ = {isa = PBXBuildFile; fileRef = A657E80E1D7F06AC00367077 /* TestWiki.xcdatamodeld */; };
		A657E8121D7F06AC00367077 /* Assets.xcassets in Resources */ = {isa = PBXBuildFile; fileRef = A657E8111D7F06AC00367077 /* Assets.xcassets */; };
		A657E8151D7F06AC00367077 /* LaunchScreen.storyboard in Resources */ = {isa = PBXBuildFile; fileRef = A657E8131D7F06AC00367077 /* LaunchScreen.storyboard */; };
		A657E8281D7F13CA00367077 /* LocationManager.swift in Sources */ = {isa = PBXBuildFile; fileRef = A657E8271D7F13CA00367077 /* LocationManager.swift */; };
		A657E82A1D7F182F00367077 /* MainTableViewController.swift in Sources */ = {isa = PBXBuildFile; fileRef = A657E8291D7F182F00367077 /* MainTableViewController.swift */; };
		A6D653E31D7F1A0C00D9B28A /* LocationManagerDelegate.swift in Sources */ = {isa = PBXBuildFile; fileRef = A6D653E21D7F1A0C00D9B28A /* LocationManagerDelegate.swift */; };
/* End PBXBuildFile section */

/* Begin PBXFileReference section */
		A657E8041D7F06AC00367077 /* TestWiki.app */ = {isa = PBXFileReference; explicitFileType = wrapper.application; includeInIndex = 0; path = TestWiki.app; sourceTree = BUILT_PRODUCTS_DIR; };
		A657E8071D7F06AC00367077 /* AppDelegate.swift */ = {isa = PBXFileReference; lastKnownFileType = sourcecode.swift; path = AppDelegate.swift; sourceTree = "<group>"; };
		A657E80C1D7F06AC00367077 /* Base */ = {isa = PBXFileReference; lastKnownFileType = file.storyboard; name = Base; path = Base.lproj/Main.storyboard; sourceTree = "<group>"; };
		A657E80F1D7F06AC00367077 /* TestWiki.xcdatamodel */ = {isa = PBXFileReference; lastKnownFileType = wrapper.xcdatamodel; path = TestWiki.xcdatamodel; sourceTree = "<group>"; };
		A657E8111D7F06AC00367077 /* Assets.xcassets */ = {isa = PBXFileReference; lastKnownFileType = folder.assetcatalog; path = Assets.xcassets; sourceTree = "<group>"; };
		A657E8141D7F06AC00367077 /* Base */ = {isa = PBXFileReference; lastKnownFileType = file.storyboard; name = Base; path = Base.lproj/LaunchScreen.storyboard; sourceTree = "<group>"; };
		A657E8161D7F06AC00367077 /* Info.plist */ = {isa = PBXFileReference; lastKnownFileType = text.plist.xml; path = Info.plist; sourceTree = "<group>"; };
		A657E8271D7F13CA00367077 /* LocationManager.swift */ = {isa = PBXFileReference; fileEncoding = 4; lastKnownFileType = sourcecode.swift; path = LocationManager.swift; sourceTree = "<group>"; };
		A657E8291D7F182F00367077 /* MainTableViewController.swift */ = {isa = PBXFileReference; fileEncoding = 4; lastKnownFileType = sourcecode.swift; path = MainTableViewController.swift; sourceTree = "<group>"; };
		A6D653E21D7F1A0C00D9B28A /* LocationManagerDelegate.swift */ = {isa = PBXFileReference; fileEncoding = 4; lastKnownFileType = sourcecode.swift; path = LocationManagerDelegate.swift; sourceTree = "<group>"; };
/* End PBXFileReference section */

/* Begin PBXFrameworksBuildPhase section */
		A657E8011D7F06AC00367077 /* Frameworks */ = {
			isa = PBXFrameworksBuildPhase;
			buildActionMask = 2147483647;
			files = (
			);
			runOnlyForDeploymentPostprocessing = 0;
		};
/* End PBXFrameworksBuildPhase section */

/* Begin PBXGroup section */
		A657E7FB1D7F06AC00367077 = {
			isa = PBXGroup;
			children = (
				A657E8061D7F06AC00367077 /* TestWiki */,
				A657E8051D7F06AC00367077 /* Products */,
			);
			sourceTree = "<group>";
		};
		A657E8051D7F06AC00367077 /* Products */ = {
			isa = PBXGroup;
			children = (
				A657E8041D7F06AC00367077 /* TestWiki.app */,
			);
			name = Products;
			sourceTree = "<group>";
		};
		A657E8061D7F06AC00367077 /* TestWiki */ = {
			isa = PBXGroup;
			children = (
				A657E8071D7F06AC00367077 /* AppDelegate.swift */,
				A657E8251D7F13B100367077 /* Controllers */,
				A657E8261D7F13BE00367077 /* Managers */,
				A657E80B1D7F06AC00367077 /* Main.storyboard */,
				A657E8111D7F06AC00367077 /* Assets.xcassets */,
				A657E8131D7F06AC00367077 /* LaunchScreen.storyboard */,
				A657E8161D7F06AC00367077 /* Info.plist */,
				A657E80E1D7F06AC00367077 /* TestWiki.xcdatamodeld */,
			);
			path = TestWiki;
			sourceTree = "<group>";
		};
		A657E8251D7F13B100367077 /* Controllers */ = {
			isa = PBXGroup;
			children = (
				A657E8291D7F182F00367077 /* MainTableViewController.swift */,
			);
			name = Controllers;
			sourceTree = "<group>";
		};
		A657E8261D7F13BE00367077 /* Managers */ = {
			isa = PBXGroup;
			children = (
				A657E8271D7F13CA00367077 /* LocationManager.swift */,
				A6D653E21D7F1A0C00D9B28A /* LocationManagerDelegate.swift */,
			);
			name = Managers;
			sourceTree = "<group>";
		};
/* End PBXGroup section */

/* Begin PBXNativeTarget section */
		A657E8031D7F06AC00367077 /* TestWiki */ = {
			isa = PBXNativeTarget;
			buildConfigurationList = A657E8191D7F06AC00367077 /* Build configuration list for PBXNativeTarget "TestWiki" */;
			buildPhases = (
				A657E8001D7F06AC00367077 /* Sources */,
				A657E8011D7F06AC00367077 /* Frameworks */,
				A657E8021D7F06AC00367077 /* Resources */,
			);
			buildRules = (
			);
			dependencies = (
			);
			name = TestWiki;
			productName = TestWiki;
			productReference = A657E8041D7F06AC00367077 /* TestWiki.app */;
			productType = "com.apple.product-type.application";
		};
/* End PBXNativeTarget section */

/* Begin PBXProject section */
		A657E7FC1D7F06AC00367077 /* Project object */ = {
			isa = PBXProject;
			attributes = {
				LastSwiftUpdateCheck = 0730;
				LastUpgradeCheck = 0730;
				ORGANIZATIONNAME = "Alexsander Khitev";
				TargetAttributes = {
					A657E8031D7F06AC00367077 = {
						CreatedOnToolsVersion = 7.3.1;
					};
				};
			};
			buildConfigurationList = A657E7FF1D7F06AC00367077 /* Build configuration list for PBXProject "TestWiki" */;
			compatibilityVersion = "Xcode 3.2";
			developmentRegion = English;
			hasScannedForEncodings = 0;
			knownRegions = (
				en,
				Base,
			);
			mainGroup = A657E7FB1D7F06AC00367077;
			productRefGroup = A657E8051D7F06AC00367077 /* Products */;
			projectDirPath = "";
			projectRoot = "";
			targets = (
				A657E8031D7F06AC00367077 /* TestWiki */,
			);
		};
/* End PBXProject section */

/* Begin PBXResourcesBuildPhase section */
		A657E8021D7F06AC00367077 /* Resources */ = {
			isa = PBXResourcesBuildPhase;
			buildActionMask = 2147483647;
			files = (
				A657E8151D7F06AC00367077 /* LaunchScreen.storyboard in Resources */,
				A657E8121D7F06AC00367077 /* Assets.xcassets in Resources */,
				A657E80D1D7F06AC00367077 /* Main.storyboard in Resources */,
			);
			runOnlyForDeploymentPostprocessing = 0;
		};
/* End PBXResourcesBuildPhase section */

/* Begin PBXSourcesBuildPhase section */
		A657E8001D7F06AC00367077 /* Sources */ = {
			isa = PBXSourcesBuildPhase;
			buildActionMask = 2147483647;
			files = (
				A657E82A1D7F182F00367077 /* MainTableViewController.swift in Sources */,
				A6D653E31D7F1A0C00D9B28A /* LocationManagerDelegate.swift in Sources */,
				A657E8281D7F13CA00367077 /* LocationManager.swift in Sources */,
				A657E8101D7F06AC00367077 /* TestWiki.xcdatamodeld in Sources */,
				A657E8081D7F06AC00367077 /* AppDelegate.swift in Sources */,
			);
			runOnlyForDeploymentPostprocessing = 0;
		};
/* End PBXSourcesBuildPhase section */

/* Begin PBXVariantGroup section */
		A657E80B1D7F06AC00367077 /* Main.storyboard */ = {
			isa = PBXVariantGroup;
			children = (
				A657E80C1D7F06AC00367077 /* Base */,
			);
			name = Main.storyboard;
			sourceTree = "<group>";
		};
		A657E8131D7F06AC00367077 /* LaunchScreen.storyboard */ = {
			isa = PBXVariantGroup;
			children = (
				A657E8141D7F06AC00367077 /* Base */,
			);
			name = LaunchScreen.storyboard;
			sourceTree = "<group>";
		};
/* End PBXVariantGroup section */

/* Begin XCBuildConfiguration section */
		A657E8171D7F06AC00367077 /* Debug */ = {
			isa = XCBuildConfiguration;
			buildSettings = {
				ALWAYS_SEARCH_USER_PATHS = NO;
				CLANG_ANALYZER_NONNULL = YES;
				CLANG_CXX_LANGUAGE_STANDARD = "gnu++0x";
				CLANG_CXX_LIBRARY = "libc++";
				CLANG_ENABLE_MODULES = YES;
				CLANG_ENABLE_OBJC_ARC = YES;
				CLANG_WARN_BOOL_CONVERSION = YES;
				CLANG_WARN_CONSTANT_CONVERSION = YES;
				CLANG_WARN_DIRECT_OBJC_ISA_USAGE = YES_ERROR;
				CLANG_WARN_EMPTY_BODY = YES;
				CLANG_WARN_ENUM_CONVERSION = YES;
				CLANG_WARN_INT_CONVERSION = YES;
				CLANG_WARN_OBJC_ROOT_CLASS = YES_ERROR;
				CLANG_WARN_UNREACHABLE_CODE = YES;
				CLANG_WARN__DUPLICATE_METHOD_MATCH = YES;
				"CODE_SIGN_IDENTITY[sdk=iphoneos*]" = "iPhone Developer";
				COPY_PHASE_STRIP = NO;
				DEBUG_INFORMATION_FORMAT = dwarf;
				ENABLE_STRICT_OBJC_MSGSEND = YES;
				ENABLE_TESTABILITY = YES;
				GCC_C_LANGUAGE_STANDARD = gnu99;
				GCC_DYNAMIC_NO_PIC = NO;
				GCC_NO_COMMON_BLOCKS = YES;
				GCC_OPTIMIZATION_LEVEL = 0;
				GCC_PREPROCESSOR_DEFINITIONS = (
					"DEBUG=1",
					"$(inherited)",
				);
				GCC_WARN_64_TO_32_BIT_CONVERSION = YES;
				GCC_WARN_ABOUT_RETURN_TYPE = YES_ERROR;
				GCC_WARN_UNDECLARED_SELECTOR = YES;
				GCC_WARN_UNINITIALIZED_AUTOS = YES_AGGRESSIVE;
				GCC_WARN_UNUSED_FUNCTION = YES;
				GCC_WARN_UNUSED_VARIABLE = YES;
				IPHONEOS_DEPLOYMENT_TARGET = 9.3;
				MTL_ENABLE_DEBUG_INFO = YES;
				ONLY_ACTIVE_ARCH = YES;
				SDKROOT = iphoneos;
				SWIFT_OPTIMIZATION_LEVEL = "-Onone";
			};
			name = Debug;
		};
		A657E8181D7F06AC00367077 /* Release */ = {
			isa = XCBuildConfiguration;
			buildSettings = {
				ALWAYS_SEARCH_USER_PATHS = NO;
				CLANG_ANALYZER_NONNULL = YES;
				CLANG_CXX_LANGUAGE_STANDARD = "gnu++0x";
				CLANG_CXX_LIBRARY = "libc++";
				CLANG_ENABLE_MODULES = YES;
				CLANG_ENABLE_OBJC_ARC = YES;
				CLANG_WARN_BOOL_CONVERSION = YES;
				CLANG_WARN_CONSTANT_CONVERSION = YES;
				CLANG_WARN_DIRECT_OBJC_ISA_USAGE = YES_ERROR;
				CLANG_WARN_EMPTY_BODY = YES;
				CLANG_WARN_ENUM_CONVERSION = YES;
				CLANG_WARN_INT_CONVERSION = YES;
				CLANG_WARN_OBJC_ROOT_CLASS = YES_ERROR;
				CLANG_WARN_UNREACHABLE_CODE = YES;
				CLANG_WARN__DUPLICATE_METHOD_MATCH = YES;
				"CODE_SIGN_IDENTITY[sdk=iphoneos*]" = "iPhone Developer";
				COPY_PHASE_STRIP = NO;
				DEBUG_INFORMATION_FORMAT = "dwarf-with-dsym";
				ENABLE_NS_ASSERTIONS = NO;
				ENABLE_STRICT_OBJC_MSGSEND = YES;
				GCC_C_LANGUAGE_STANDARD = gnu99;
				GCC_NO_COMMON_BLOCKS = YES;
				GCC_WARN_64_TO_32_BIT_CONVERSION = YES;
				GCC_WARN_ABOUT_RETURN_TYPE = YES_ERROR;
				GCC_WARN_UNDECLARED_SELECTOR = YES;
				GCC_WARN_UNINITIALIZED_AUTOS = YES_AGGRESSIVE;
				GCC_WARN_UNUSED_FUNCTION = YES;
				GCC_WARN_UNUSED_VARIABLE = YES;
				IPHONEOS_DEPLOYMENT_TARGET = 9.3;
				MTL_ENABLE_DEBUG_INFO = NO;
				SDKROOT = iphoneos;
				VALIDATE_PRODUCT = YES;
			};
			name = Release;
		};
		A657E81A1D7F06AC00367077 /* Debug */ = {
			isa = XCBuildConfiguration;
			buildSettings = {
				ASSETCATALOG_COMPILER_APPICON_NAME = AppIcon;
				INFOPLIST_FILE = TestWiki/Info.plist;
				LD_RUNPATH_SEARCH_PATHS = "$(inherited) @executable_path/Frameworks";
				PRODUCT_BUNDLE_IDENTIFIER = "Alexsander-Khitev.TestWiki";
				PRODUCT_NAME = "$(TARGET_NAME)";
			};
			name = Debug;
		};
		A657E81B1D7F06AC00367077 /* Release */ = {
			isa = XCBuildConfiguration;
			buildSettings = {
				ASSETCATALOG_COMPILER_APPICON_NAME = AppIcon;
				INFOPLIST_FILE = TestWiki/Info.plist;
				LD_RUNPATH_SEARCH_PATHS = "$(inherited) @executable_path/Frameworks";
				PRODUCT_BUNDLE_IDENTIFIER = "Alexsander-Khitev.TestWiki";
				PRODUCT_NAME = "$(TARGET_NAME)";
			};
			name = Release;
		};
/* End XCBuildConfiguration section */

/* Begin XCConfigurationList section */
		A657E7FF1D7F06AC00367077 /* Build configuration list for PBXProject "TestWiki" */ = {
			isa = XCConfigurationList;
			buildConfigurations = (
				A657E8171D7F06AC00367077 /* Debug */,
				A657E8181D7F06AC00367077 /* Release */,
			);
			defaultConfigurationIsVisible = 0;
			defaultConfigurationName = Release;
		};
		A657E8191D7F06AC00367077 /* Build configuration list for PBXNativeTarget "TestWiki" */ = {
			isa = XCConfigurationList;
			buildConfigurations = (
				A657E81A1D7F06AC00367077 /* Debug */,
				A657E81B1D7F06AC00367077 /* Release */,
			);
			defaultConfigurationIsVisible = 0;
			defaultConfigurationName = Release;
		};
/* End XCConfigurationList section */

/* Begin XCVersionGroup section */
		A657E80E1D7F06AC00367077 /* TestWiki.xcdatamodeld */ = {
			isa = XCVersionGroup;
			children = (
				A657E80F1D7F06AC00367077 /* TestWiki.xcdatamodel */,
			);
			currentVersion = A657E80F1D7F06AC00367077 /* TestWiki.xcdatamodel */;
			path = TestWiki.xcdatamodeld;
			sourceTree = "<group>";
			versionGroupType = wrapper.xcdatamodel;
		};
/* End XCVersionGroup section */
	};
	rootObject = A657E7FC1D7F06AC00367077 /* Project object */;
}
